Microsoft Visual Studio Solution File, Format Version 7.00
Project("{8BC9CEB8-8B4A-11D0-8D11-00A0C91BC942}") = "PAATool", "PAATool.vcproj", "{C5C6AA42-2DD6-4C39-8E47-453E4A89CFF7}"
EndProject
Global
	GlobalSection(SolutionConfiguration) = preSolution
		ConfigName.0 = Debug
		ConfigName.1 = Release
	EndGlobalSection
	GlobalSection(ProjectDependencies) = postSolution
	EndGlobalSection
	GlobalSection(ProjectConfiguration) = postSolution
		{C5C6AA42-2DD6-4C39-8E47-453E4A89CFF7}.Debug.ActiveCfg = Debug|Win32
		{C5C6AA42-2DD6-4C39-8E47-453E4A89CFF7}.Debug.Build.0 = Debug|Win32
		{C5C6AA42-2DD6-4C39-8E47-453E4A89CFF7}.Release.ActiveCfg = Release|Win32
		{C5C6AA42-2DD6-4C39-8E47-453E4A89CFF7}.Release.Build.0 = Release|Win32
	EndGlobalSection
	GlobalSection(ExtensibilityGlobals) = postSolution
	EndGlobalSection
	GlobalSection(ExtensibilityAddIns) = postSolution
	EndGlobalSection
EndGlobal
